// !$*UTF8*$!
{
	archiveVersion = 1;
	classes = {
	};
	objectVersion = 77;
	objects = {

/* Begin PBXBuildFile section */
		FD5F093C2E7A11C800267D7A /* Beleren2016-Bold.ttf in Resources */ = {isa = PBXBuildFile; fileRef = FD5F093B2E7A11C800267D7A /* Beleren2016-Bold.ttf */; };
/* End PBXBuildFile section */

/* Begin PBXContainerItemProxy section */
		FD4D8B9C2E77BD5300226492 /* PBXContainerItemProxy */ = {
			isa = PBXContainerItemProxy;
			containerPortal = FD4D8B852E77BD5100226492 /* Project object */;
			proxyType = 1;
			remoteGlobalIDString = FD4D8B8C2E77BD5100226492;
			remoteInfo = MTGPackOpener;
		};
		FD4D8BA62E77BD5300226492 /* PBXContainerItemProxy */ = {
			isa = PBXContainerItemProxy;
			containerPortal = FD4D8B852E77BD5100226492 /* Project object */;
			proxyType = 1;
			remoteGlobalIDString = FD4D8B8C2E77BD5100226492;
			remoteInfo = MTGPackOpener;
		};
/* End PBXContainerItemProxy section */

/* Begin PBXFileReference section */
		FD4D8B8D2E77BD5100226492 /* MTGPackOpener.app */ = {isa = PBXFileReference; explicitFileType = wrapper.application; includeInIndex = 0; path = MTGPackOpener.app; sourceTree = BUILT_PRODUCTS_DIR; };
		FD4D8B9B2E77BD5300226492 /* MTGPackOpenerTests.xctest */ = {isa = PBXFileReference; explicitFileType = wrapper.cfbundle; includeInIndex = 0; path = MTGPackOpenerTests.xctest; sourceTree = BUILT_PRODUCTS_DIR; };
		FD4D8BA52E77BD5300226492 /* MTGPackOpenerUITests.xctest */ = {isa = PBXFileReference; explicitFileType = wrapper.cfbundle; includeInIndex = 0; path = MTGPackOpenerUITests.xctest; sourceTree = BUILT_PRODUCTS_DIR; };
		FD5F093B2E7A11C800267D7A /* Beleren2016-Bold.ttf */ = {isa = PBXFileReference; lastKnownFileType = file; path = "Beleren2016-Bold.ttf"; sourceTree = "<group>"; };
/* End PBXFileReference section */

/* Begin PBXFileSystemSynchronizedBuildFileExceptionSet section */
		FD4D8BD72E77CEA900226492 /* Exceptions for "MTGPackOpener" folder in "MTGPackOpener" target */ = {
			isa = PBXFileSystemSynchronizedBuildFileExceptionSet;
			membershipExceptions = (
				Info.plist,
			);
			target = FD4D8B8C2E77BD5100226492 /* MTGPackOpener */;
		};
/* End PBXFileSystemSynchronizedBuildFileExceptionSet section */

/* Begin PBXFileSystemSynchronizedRootGroup section */
		FD4D8B8F2E77BD5100226492 /* MTGPackOpener */ = {
			isa = PBXFileSystemSynchronizedRootGroup;
			exceptions = (
				FD4D8BD72E77CEA900226492 /* Exceptions for "MTGPackOpener" folder in "MTGPackOpener" target */,
			);
			path = MTGPackOpener;
			sourceTree = "<group>";
		};
		FD4D8B9E2E77BD5300226492 /* MTGPackOpenerTests */ = {
			isa = PBXFileSystemSynchronizedRootGroup;
			path = MTGPackOpenerTests;
			sourceTree = "<group>";
		};
		FD4D8BA82E77BD5300226492 /* MTGPackOpenerUITests */ = {
			isa = PBXFileSystemSynchronizedRootGroup;
			path = MTGPackOpenerUITests;
			sourceTree = "<group>";
		};
/* End PBXFileSystemSynchronizedRootGroup section */

/* Begin PBXFrameworksBuildPhase section */
		FD4D8B8A2E77BD5100226492 /* Frameworks */ = {
			isa = PBXFrameworksBuildPhase;
			buildActionMask = 2147483647;
			files = (
			);
			runOnlyForDeploymentPostprocessing = 0;
		};
		FD4D8B982E77BD5300226492 /* Frameworks */ = {
			isa = PBXFrameworksBuildPhase;
			buildActionMask = 2147483647;
			files = (
			);
			runOnlyForDeploymentPostprocessing = 0;
		};
		FD4D8BA22E77BD5300226492 /* Frameworks */ = {
			isa = PBXFrameworksBuildPhase;
			buildActionMask = 2147483647;
			files = (
			);
			runOnlyForDeploymentPostprocessing = 0;
		};
/* End PBXFrameworksBuildPhase section */

/* Begin PBXGroup section */
		FD4D8B842E77BD5100226492 = {
			isa = PBXGroup;
			children = (
				FD4D8B8F2E77BD5100226492 /* MTGPackOpener */,
				FD4D8B9E2E77BD5300226492 /* MTGPackOpenerTests */,
				FD4D8BA82E77BD5300226492 /* MTGPackOpenerUITests */,
				FD4D8BD02E77C59900226492 /* Frameworks */,
				FD4D8B8E2E77BD5100226492 /* Products */,
			);
			sourceTree = "<group>";
		};
		FD4D8B8E2E77BD5100226492 /* Products */ = {
			isa = PBXGroup;
			children = (
				FD4D8B8D2E77BD5100226492 /* MTGPackOpener.app */,
				FD4D8B9B2E77BD5300226492 /* MTGPackOpenerTests.xctest */,
				FD4D8BA52E77BD5300226492 /* MTGPackOpenerUITests.xctest */,
			);
			name = Products;
			sourceTree = "<group>";
		};
		FD4D8BD02E77C59900226492 /* Frameworks */ = {
			isa = PBXGroup;
			children = (
				FD5F093B2E7A11C800267D7A /* Beleren2016-Bold.ttf */,
			);
			name = Frameworks;
			sourceTree = "<group>";
		};
/* End PBXGroup section */

/* Begin PBXNativeTarget section */
		FD4D8B8C2E77BD5100226492 /* MTGPackOpener */ = {
			isa = PBXNativeTarget;
			buildConfigurationList = FD4D8BAF2E77BD5300226492 /* Build configuration list for PBXNativeTarget "MTGPackOpener" */;
			buildPhases = (
				FD4D8B892E77BD5100226492 /* Sources */,
				FD4D8B8A2E77BD5100226492 /* Frameworks */,
				FD4D8B8B2E77BD5100226492 /* Resources */,
			);
			buildRules = (
			);
			dependencies = (
			);
			fileSystemSynchronizedGroups = (
				FD4D8B8F2E77BD5100226492 /* MTGPackOpener */,
			);
			name = MTGPackOpener;
			packageProductDependencies = (
			);
			productName = MTGPackOpener;
			productReference = FD4D8B8D2E77BD5100226492 /* MTGPackOpener.app */;
			productType = "com.apple.product-type.application";
		};
		FD4D8B9A2E77BD5300226492 /* MTGPackOpenerTests */ = {
			isa = PBXNativeTarget;
			buildConfigurationList = FD4D8BB22E77BD5300226492 /* Build configuration list for PBXNativeTarget "MTGPackOpenerTests" */;
			buildPhases = (
				FD4D8B972E77BD5300226492 /* Sources */,
				FD4D8B982E77BD5300226492 /* Frameworks */,
				FD4D8B992E77BD5300226492 /* Resources */,
			);
			buildRules = (
			);
			dependencies = (
				FD4D8B9D2E77BD5300226492 /* PBXTargetDependency */,
			);
			fileSystemSynchronizedGroups = (
				FD4D8B9E2E77BD5300226492 /* MTGPackOpenerTests */,
			);
			name = MTGPackOpenerTests;
			packageProductDependencies = (
			);
			productName = MTGPackOpenerTests;
			productReference = FD4D8B9B2E77BD5300226492 /* MTGPackOpenerTests.xctest */;
			productType = "com.apple.product-type.bundle.unit-test";
		};
		FD4D8BA42E77BD5300226492 /* MTGPackOpenerUITests */ = {
			isa = PBXNativeTarget;
			buildConfigurationList = FD4D8BB52E77BD5300226492 /* Build configuration list for PBXNativeTarget "MTGPackOpenerUITests" */;
			buildPhases = (
				FD4D8BA12E77BD5300226492 /* Sources */,
				FD4D8BA22E77BD5300226492 /* Frameworks */,
				FD4D8BA32E77BD5300226492 /* Resources */,
			);
			buildRules = (
			);
			dependencies = (
				FD4D8BA72E77BD5300226492 /* PBXTargetDependency */,
			);
			fileSystemSynchronizedGroups = (
				FD4D8BA82E77BD5300226492 /* MTGPackOpenerUITests */,
			);
			name = MTGPackOpenerUITests;
			packageProductDependencies = (
			);
			productName = MTGPackOpenerUITests;
			productReference = FD4D8BA52E77BD5300226492 /* MTGPackOpenerUITests.xctest */;
			productType = "com.apple.product-type.bundle.ui-testing";
		};
/* End PBXNativeTarget section */

/* Begin PBXProject section */
		FD4D8B852E77BD5100226492 /* Project object */ = {
			isa = PBXProject;
			attributes = {
				BuildIndependentTargetsInParallel = 1;
				LastSwiftUpdateCheck = 1640;
				LastUpgradeCheck = 1640;
				TargetAttributes = {
					FD4D8B8C2E77BD5100226492 = {
						CreatedOnToolsVersion = 16.4;
					};
					FD4D8B9A2E77BD5300226492 = {
						CreatedOnToolsVersion = 16.4;
						TestTargetID = FD4D8B8C2E77BD5100226492;
					};
					FD4D8BA42E77BD5300226492 = {
						CreatedOnToolsVersion = 16.4;
						TestTargetID = FD4D8B8C2E77BD5100226492;
					};
				};
			};
			buildConfigurationList = FD4D8B882E77BD5100226492 /* Build configuration list for PBXProject "MTGPackOpener" */;
			developmentRegion = en;
			hasScannedForEncodings = 0;
			knownRegions = (
				en,
				Base,
			);
			mainGroup = FD4D8B842E77BD5100226492;
			minimizedProjectReferenceProxies = 1;
			packageReferences = (
			);
			preferredProjectObjectVersion = 77;
			productRefGroup = FD4D8B8E2E77BD5100226492 /* Products */;
			projectDirPath = "";
			projectRoot = "";
			targets = (
				FD4D8B8C2E77BD5100226492 /* MTGPackOpener */,
				FD4D8B9A2E77BD5300226492 /* MTGPackOpenerTests */,
				FD4D8BA42E77BD5300226492 /* MTGPackOpenerUITests */,
			);
		};
/* End PBXProject section */

/* Begin PBXResourcesBuildPhase section */
		FD4D8B8B2E77BD5100226492 /* Resources */ = {
			isa = PBXResourcesBuildPhase;
			buildActionMask = 2147483647;
			files = (
				FD5F093C2E7A11C800267D7A /* Beleren2016-Bold.ttf in Resources */,
			);
			runOnlyForDeploymentPostprocessing = 0;
		};
		FD4D8B992E77BD5300226492 /* Resources */ = {
			isa = PBXResourcesBuildPhase;
			buildActionMask = 2147483647;
			files = (
			);
			runOnlyForDeploymentPostprocessing = 0;
		};
		FD4D8BA32E77BD5300226492 /* Resources */ = {
			isa = PBXResourcesBuildPhase;
			buildActionMask = 2147483647;
			files = (
			);
			runOnlyForDeploymentPostprocessing = 0;
		};
/* End PBXResourcesBuildPhase section */

/* Begin PBXSourcesBuildPhase section */
		FD4D8B892E77BD5100226492 /* Sources */ = {
			isa = PBXSourcesBuildPhase;
			buildActionMask = 2147483647;
			files = (
			);
			runOnlyForDeploymentPostprocessing = 0;
		};
		FD4D8B972E77BD5300226492 /* Sources */ = {
			isa = PBXSourcesBuildPhase;
			buildActionMask = 2147483647;
			files = (
			);
			runOnlyForDeploymentPostprocessing = 0;
		};
		FD4D8BA12E77BD5300226492 /* Sources */ = {
			isa = PBXSourcesBuildPhase;
			buildActionMask = 2147483647;
			files = (
			);
			runOnlyForDeploymentPostprocessing = 0;
		};
/* End PBXSourcesBuildPhase section */

/* Begin PBXTargetDependency section */
		FD4D8B9D2E77BD5300226492 /* PBXTargetDependency */ = {
			isa = PBXTargetDependency;
			target = FD4D8B8C2E77BD5100226492 /* MTGPackOpener */;
			targetProxy = FD4D8B9C2E77BD5300226492 /* PBXContainerItemProxy */;
		};
		FD4D8BA72E77BD5300226492 /* PBXTargetDependency */ = {
			isa = PBXTargetDependency;
			target = FD4D8B8C2E77BD5100226492 /* MTGPackOpener */;
			targetProxy = FD4D8BA62E77BD5300226492 /* PBXContainerItemProxy */;
		};
/* End PBXTargetDependency section */

/* Begin XCBuildConfiguration section */
		FD4D8BAD2E77BD5300226492 /* Debug */ = {
			isa = XCBuildConfiguration;
			buildSettings = {
				ALWAYS_SEARCH_USER_PATHS = NO;
				ASSETCATALOG_COMPILER_GENERATE_SWIFT_ASSET_SYMBOL_EXTENSIONS = YES;
				CLANG_ANALYZER_NONNULL = YES;
				CLANG_ANALYZER_NUMBER_OBJECT_CONVERSION = YES_AGGRESSIVE;
				CLANG_CXX_LANGUAGE_STANDARD = "gnu++20";
				CLANG_ENABLE_MODULES = YES;
				CLANG_ENABLE_OBJC_ARC = YES;
				CLANG_ENABLE_OBJC_WEAK = YES;
				CLANG_WARN_BLOCK_CAPTURE_AUTORELEASING = YES;
				CLANG_WARN_BOOL_CONVERSION = YES;
				CLANG_WARN_COMMA = YES;
				CLANG_WARN_CONSTANT_CONVERSION = YES;
				CLANG_WARN_DEPRECATED_OBJC_IMPLEMENTATIONS = YES;
				CLANG_WARN_DIRECT_OBJC_ISA_USAGE = YES_ERROR;
				CLANG_WARN_DOCUMENTATION_COMMENTS = YES;
				CLANG_WARN_EMPTY_BODY = YES;
				CLANG_WARN_ENUM_CONVERSION = YES;
				CLANG_WARN_INFINITE_RECURSION = YES;
				CLANG_WARN_INT_CONVERSION = YES;
				CLANG_WARN_NON_LITERAL_NULL_CONVERSION = YES;
				CLANG_WARN_OBJC_IMPLICIT_RETAIN_SELF = YES;
				CLANG_WARN_OBJC_LITERAL_CONVERSION = YES;
				CLANG_WARN_OBJC_ROOT_CLASS = YES_ERROR;
				CLANG_WARN_QUOTED_INCLUDE_IN_FRAMEWORK_HEADER = YES;
				CLANG_WARN_RANGE_LOOP_ANALYSIS = YES;
				CLANG_WARN_STRICT_PROTOTYPES = YES;
				CLANG_WARN_SUSPICIOUS_MOVE = YES;
				CLANG_WARN_UNGUARDED_AVAILABILITY = YES_AGGRESSIVE;
				CLANG_WARN_UNREACHABLE_CODE = YES;
				CLANG_WARN__DUPLICATE_METHOD_MATCH = YES;
				COPY_PHASE_STRIP = NO;
				DEBUG_INFORMATION_FORMAT = dwarf;
				ENABLE_STRICT_OBJC_MSGSEND = YES;
				ENABLE_TESTABILITY = YES;
				ENABLE_USER_SCRIPT_SANDBOXING = YES;
				GCC_C_LANGUAGE_STANDARD = gnu17;
				GCC_DYNAMIC_NO_PIC = NO;
				GCC_NO_COMMON_BLOCKS = YES;
				GCC_OPTIMIZATION_LEVEL = 0;
				GCC_PREPROCESSOR_DEFINITIONS = (
					"DEBUG=1",
					"$(inherited)",
				);
				GCC_WARN_64_TO_32_BIT_CONVERSION = YES;
				GCC_WARN_ABOUT_RETURN_TYPE = YES_ERROR;
				GCC_WARN_UNDECLARED_SELECTOR = YES;
				GCC_WARN_UNINITIALIZED_AUTOS = YES_AGGRESSIVE;
				GCC_WARN_UNUSED_FUNCTION = YES;
				GCC_WARN_UNUSED_VARIABLE = YES;
				LOCALIZATION_PREFERS_STRING_CATALOGS = YES;
				MTL_ENABLE_DEBUG_INFO = INCLUDE_SOURCE;
				MTL_FAST_MATH = YES;
				ONLY_ACTIVE_ARCH = YES;
				SWIFT_ACTIVE_COMPILATION_CONDITIONS = "DEBUG $(inherited)";
				SWIFT_OPTIMIZATION_LEVEL = "-Onone";
			};
			name = Debug;
		};
		FD4D8BAE2E77BD5300226492 /* Release */ = {
			isa = XCBuildConfiguration;
			buildSettings = {
				ALWAYS_SEARCH_USER_PATHS = NO;
				ASSETCATALOG_COMPILER_GENERATE_SWIFT_ASSET_SYMBOL_EXTENSIONS = YES;
				CLANG_ANALYZER_NONNULL = YES;
				CLANG_ANALYZER_NUMBER_OBJECT_CONVERSION = YES_AGGRESSIVE;
				CLANG_CXX_LANGUAGE_STANDARD = "gnu++20";
				CLANG_ENABLE_MODULES = YES;
				CLANG_ENABLE_OBJC_ARC = YES;
				CLANG_ENABLE_OBJC_WEAK = YES;
				CLANG_WARN_BLOCK_CAPTURE_AUTORELEASING = YES;
				CLANG_WARN_BOOL_CONVERSION = YES;
				CLANG_WARN_COMMA = YES;
				CLANG_WARN_CONSTANT_CONVERSION = YES;
				CLANG_WARN_DEPRECATED_OBJC_IMPLEMENTATIONS = YES;
				CLANG_WARN_DIRECT_OBJC_ISA_USAGE = YES_ERROR;
				CLANG_WARN_DOCUMENTATION_COMMENTS = YES;
				CLANG_WARN_EMPTY_BODY = YES;
				CLANG_WARN_ENUM_CONVERSION = YES;
				CLANG_WARN_INFINITE_RECURSION = YES;
				CLANG_WARN_INT_CONVERSION = YES;
				CLANG_WARN_NON_LITERAL_NULL_CONVERSION = YES;
				CLANG_WARN_OBJC_IMPLICIT_RETAIN_SELF = YES;
				CLANG_WARN_OBJC_LITERAL_CONVERSION = YES;
				CLANG_WARN_OBJC_ROOT_CLASS = YES_ERROR;
				CLANG_WARN_QUOTED_INCLUDE_IN_FRAMEWORK_HEADER = YES;
				CLANG_WARN_RANGE_LOOP_ANALYSIS = YES;
				CLANG_WARN_STRICT_PROTOTYPES = YES;
				CLANG_WARN_SUSPICIOUS_MOVE = YES;
				CLANG_WARN_UNGUARDED_AVAILABILITY = YES_AGGRESSIVE;
				CLANG_WARN_UNREACHABLE_CODE = YES;
				CLANG_WARN__DUPLICATE_METHOD_MATCH = YES;
				COPY_PHASE_STRIP = NO;
				DEBUG_INFORMATION_FORMAT = "dwarf-with-dsym";
				ENABLE_NS_ASSERTIONS = NO;
				ENABLE_STRICT_OBJC_MSGSEND = YES;
				ENABLE_USER_SCRIPT_SANDBOXING = YES;
				GCC_C_LANGUAGE_STANDARD = gnu17;
				GCC_NO_COMMON_BLOCKS = YES;
				GCC_WARN_64_TO_32_BIT_CONVERSION = YES;
				GCC_WARN_ABOUT_RETURN_TYPE = YES_ERROR;
				GCC_WARN_UNDECLARED_SELECTOR = YES;
				GCC_WARN_UNINITIALIZED_AUTOS = YES_AGGRESSIVE;
				GCC_WARN_UNUSED_FUNCTION = YES;
				GCC_WARN_UNUSED_VARIABLE = YES;
				LOCALIZATION_PREFERS_STRING_CATALOGS = YES;
				MTL_ENABLE_DEBUG_INFO = NO;
				MTL_FAST_MATH = YES;
				SWIFT_COMPILATION_MODE = wholemodule;
			};
			name = Release;
		};
		FD4D8BB02E77BD5300226492 /* Debug */ = {
			isa = XCBuildConfiguration;
			buildSettings = {
				ASSETCATALOG_COMPILER_APPICON_NAME = AppIcon;
				ASSETCATALOG_COMPILER_GLOBAL_ACCENT_COLOR_NAME = AccentColor;
				CODE_SIGN_ENTITLEMENTS = MTGPackOpener/MTGPackOpener.entitlements;
				CODE_SIGN_STYLE = Automatic;
				CURRENT_PROJECT_VERSION = 1;
				DEVELOPMENT_TEAM = S5WBW2BR7K;
				ENABLE_PREVIEWS = YES;
				GENERATE_INFOPLIST_FILE = YES;
				INFOPLIST_FILE = MTGPackOpener/Info.plist;
				"INFOPLIST_KEY_UIApplicationSceneManifest_Generation[sdk=iphoneos*]" = YES;
				"INFOPLIST_KEY_UIApplicationSceneManifest_Generation[sdk=iphonesimulator*]" = YES;
				"INFOPLIST_KEY_UIApplicationSupportsIndirectInputEvents[sdk=iphoneos*]" = YES;
				"INFOPLIST_KEY_UIApplicationSupportsIndirectInputEvents[sdk=iphonesimulator*]" = YES;
				"INFOPLIST_KEY_UILaunchScreen_Generation[sdk=iphoneos*]" = YES;
				"INFOPLIST_KEY_UILaunchScreen_Generation[sdk=iphonesimulator*]" = YES;
				"INFOPLIST_KEY_UIStatusBarStyle[sdk=iphoneos*]" = UIStatusBarStyleDefault;
				"INFOPLIST_KEY_UIStatusBarStyle[sdk=iphonesimulator*]" = UIStatusBarStyleDefault;
				INFOPLIST_KEY_UISupportedInterfaceOrientations_iPad = "UIInterfaceOrientationPortrait UIInterfaceOrientationPortraitUpsideDown UIInterfaceOrientationLandscapeLeft UIInterfaceOrientationLandscapeRight";
				INFOPLIST_KEY_UISupportedInterfaceOrientations_iPhone = "UIInterfaceOrientationPortrait UIInterfaceOrientationLandscapeLeft UIInterfaceOrientationLandscapeRight";
				IPHONEOS_DEPLOYMENT_TARGET = 18.5;
				LD_RUNPATH_SEARCH_PATHS = "@executable_path/Frameworks";
				"LD_RUNPATH_SEARCH_PATHS[sdk=macosx*]" = "@executable_path/../Frameworks";
				MACOSX_DEPLOYMENT_TARGET = 15.5;
				MARKETING_VERSION = 1.0;
				PRODUCT_BUNDLE_IDENTIFIER = UWGB.MTGPackOpener;
				PRODUCT_NAME = "$(TARGET_NAME)";
				REGISTER_APP_GROUPS = YES;
				SDKROOT = auto;
				SUPPORTED_PLATFORMS = "iphoneos iphonesimulator";
				SUPPORTS_MACCATALYST = NO;
				SWIFT_EMIT_LOC_STRINGS = YES;
				SWIFT_VERSION = 5.0;
				TARGETED_DEVICE_FAMILY = "1,2";
				XROS_DEPLOYMENT_TARGET = 2.5;
			};
			name = Debug;
		};
		FD4D8BB12E77BD5300226492 /* Release */ = {
			isa = XCBuildConfiguration;
			buildSettings = {
				ASSETCATALOG_COMPILER_APPICON_NAME = AppIcon;
				ASSETCATALOG_COMPILER_GLOBAL_ACCENT_COLOR_NAME = AccentColor;
				CODE_SIGN_ENTITLEMENTS = MTGPackOpener/MTGPackOpener.entitlements;
				CODE_SIGN_STYLE = Automatic;
				CURRENT_PROJECT_VERSION = 1;
				DEVELOPMENT_TEAM = S5WBW2BR7K;
				ENABLE_PREVIEWS = YES;
				GENERATE_INFOPLIST_FILE = YES;
				INFOPLIST_FILE = MTGPackOpener/Info.plist;
				"INFOPLIST_KEY_UIApplicationSceneManifest_Generation[sdk=iphoneos*]" = YES;
				"INFOPLIST_KEY_UIApplicationSceneManifest_Generation[sdk=iphonesimulator*]" = YES;
				"INFOPLIST_KEY_UIApplicationSupportsIndirectInputEvents[sdk=iphoneos*]" = YES;
				"INFOPLIST_KEY_UIApplicationSupportsIndirectInputEvents[sdk=iphonesimulator*]" = YES;
				"INFOPLIST_KEY_UILaunchScreen_Generation[sdk=iphoneos*]" = YES;
				"INFOPLIST_KEY_UILaunchScreen_Generation[sdk=iphonesimulator*]" = YES;
				"INFOPLIST_KEY_UIStatusBarStyle[sdk=iphoneos*]" = UIStatusBarStyleDefault;
				"INFOPLIST_KEY_UIStatusBarStyle[sdk=iphonesimulator*]" = UIStatusBarStyleDefault;
				INFOPLIST_KEY_UISupportedInterfaceOrientations_iPad = "UIInterfaceOrientationPortrait UIInterfaceOrientationPortraitUpsideDown UIInterfaceOrientationLandscapeLeft UIInterfaceOrientationLandscapeRight";
				INFOPLIST_KEY_UISupportedInterfaceOrientations_iPhone = "UIInterfaceOrientationPortrait UIInterfaceOrientationLandscapeLeft UIInterfaceOrientationLandscapeRight";
				IPHONEOS_DEPLOYMENT_TARGET = 18.5;
				LD_RUNPATH_SEARCH_PATHS = "@executable_path/Frameworks";
				"LD_RUNPATH_SEARCH_PATHS[sdk=macosx*]" = "@executable_path/../Frameworks";
				MACOSX_DEPLOYMENT_TARGET = 15.5;
				MARKETING_VERSION = 1.0;
				PRODUCT_BUNDLE_IDENTIFIER = UWGB.MTGPackOpener;
				PRODUCT_NAME = "$(TARGET_NAME)";
				REGISTER_APP_GROUPS = YES;
				SDKROOT = auto;
				SUPPORTED_PLATFORMS = "iphoneos iphonesimulator";
				SUPPORTS_MACCATALYST = NO;
				SWIFT_EMIT_LOC_STRINGS = YES;
				SWIFT_VERSION = 5.0;
				TARGETED_DEVICE_FAMILY = "1,2";
				XROS_DEPLOYMENT_TARGET = 2.5;
			};
			name = Release;
		};
		FD4D8BB32E77BD5300226492 /* Debug */ = {
			isa = XCBuildConfiguration;
			buildSettings = {
				BUNDLE_LOADER = "$(TEST_HOST)";
				CODE_SIGN_STYLE = Automatic;
				CURRENT_PROJECT_VERSION = 1;
				GENERATE_INFOPLIST_FILE = YES;
				IPHONEOS_DEPLOYMENT_TARGET = 18.5;
				MACOSX_DEPLOYMENT_TARGET = 15.5;
				MARKETING_VERSION = 1.0;
				PRODUCT_BUNDLE_IDENTIFIER = UWGB.MTGPackOpenerTests;
				PRODUCT_NAME = "$(TARGET_NAME)";
				SDKROOT = auto;
				SUPPORTED_PLATFORMS = "iphoneos iphonesimulator macosx xros xrsimulator";
				SWIFT_EMIT_LOC_STRINGS = NO;
				SWIFT_VERSION = 5.0;
				TARGETED_DEVICE_FAMILY = "1,2,7";
				TEST_HOST = "$(BUILT_PRODUCTS_DIR)/MTGPackOpener.app/$(BUNDLE_EXECUTABLE_FOLDER_PATH)/MTGPackOpener";
				XROS_DEPLOYMENT_TARGET = 2.5;
			};
			name = Debug;
		};
		FD4D8BB42E77BD5300226492 /* Release */ = {
			isa = XCBuildConfiguration;
			buildSettings = {
				BUNDLE_LOADER = "$(TEST_HOST)";
				CODE_SIGN_STYLE = Automatic;
				CURRENT_PROJECT_VERSION = 1;
				GENERATE_INFOPLIST_FILE = YES;
				IPHONEOS_DEPLOYMENT_TARGET = 18.5;
				MACOSX_DEPLOYMENT_TARGET = 15.5;
				MARKETING_VERSION = 1.0;
				PRODUCT_BUNDLE_IDENTIFIER = UWGB.MTGPackOpenerTests;
				PRODUCT_NAME = "$(TARGET_NAME)";
				SDKROOT = auto;
				SUPPORTED_PLATFORMS = "iphoneos iphonesimulator macosx xros xrsimulator";
				SWIFT_EMIT_LOC_STRINGS = NO;
				SWIFT_VERSION = 5.0;
				TARGETED_DEVICE_FAMILY = "1,2,7";
				TEST_HOST = "$(BUILT_PRODUCTS_DIR)/MTGPackOpener.app/$(BUNDLE_EXECUTABLE_FOLDER_PATH)/MTGPackOpener";
				XROS_DEPLOYMENT_TARGET = 2.5;
			};
			name = Release;
		};
		FD4D8BB62E77BD5300226492 /* Debug */ = {
			isa = XCBuildConfiguration;
			buildSettings = {
				CODE_SIGN_STYLE = Automatic;
				CURRENT_PROJECT_VERSION = 1;
				GENERATE_INFOPLIST_FILE = YES;
				IPHONEOS_DEPLOYMENT_TARGET = 18.5;
				MACOSX_DEPLOYMENT_TARGET = 15.5;
				MARKETING_VERSION = 1.0;
				PRODUCT_BUNDLE_IDENTIFIER = UWGB.MTGPackOpenerUITests;
				PRODUCT_NAME = "$(TARGET_NAME)";
				SDKROOT = auto;
				SUPPORTED_PLATFORMS = "iphoneos iphonesimulator macosx xros xrsimulator";
				SWIFT_EMIT_LOC_STRINGS = NO;
				SWIFT_VERSION = 5.0;
				TARGETED_DEVICE_FAMILY = "1,2,7";
				TEST_TARGET_NAME = MTGPackOpener;
				XROS_DEPLOYMENT_TARGET = 2.5;
			};
			name = Debug;
		};
		FD4D8BB72E77BD5300226492 /* Release */ = {
			isa = XCBuildConfiguration;
			buildSettings = {
				CODE_SIGN_STYLE = Automatic;
				CURRENT_PROJECT_VERSION = 1;
				GENERATE_INFOPLIST_FILE = YES;
				IPHONEOS_DEPLOYMENT_TARGET = 18.5;
				MACOSX_DEPLOYMENT_TARGET = 15.5;
				MARKETING_VERSION = 1.0;
				PRODUCT_BUNDLE_IDENTIFIER = UWGB.MTGPackOpenerUITests;
				PRODUCT_NAME = "$(TARGET_NAME)";
				SDKROOT = auto;
				SUPPORTED_PLATFORMS = "iphoneos iphonesimulator macosx xros xrsimulator";
				SWIFT_EMIT_LOC_STRINGS = NO;
				SWIFT_VERSION = 5.0;
				TARGETED_DEVICE_FAMILY = "1,2,7";
				TEST_TARGET_NAME = MTGPackOpener;
				XROS_DEPLOYMENT_TARGET = 2.5;
			};
			name = Release;
		};
/* End XCBuildConfiguration section */

/* Begin XCConfigurationList section */
		FD4D8B882E77BD5100226492 /* Build configuration list for PBXProject "MTGPackOpener" */ = {
			isa = XCConfigurationList;
			buildConfigurations = (
				FD4D8BAD2E77BD5300226492 /* Debug */,
				FD4D8BAE2E77BD5300226492 /* Release */,
			);
			defaultConfigurationIsVisible = 0;
			defaultConfigurationName = Release;
		};
		FD4D8BAF2E77BD5300226492 /* Build configuration list for PBXNativeTarget "MTGPackOpener" */ = {
			isa = XCConfigurationList;
			buildConfigurations = (
				FD4D8BB02E77BD5300226492 /* Debug */,
				FD4D8BB12E77BD5300226492 /* Release */,
			);
			defaultConfigurationIsVisible = 0;
			defaultConfigurationName = Release;
		};
		FD4D8BB22E77BD5300226492 /* Build configuration list for PBXNativeTarget "MTGPackOpenerTests" */ = {
			isa = XCConfigurationList;
			buildConfigurations = (
				FD4D8BB32E77BD5300226492 /* Debug */,
				FD4D8BB42E77BD5300226492 /* Release */,
			);
			defaultConfigurationIsVisible = 0;
			defaultConfigurationName = Release;
		};
		FD4D8BB52E77BD5300226492 /* Build configuration list for PBXNativeTarget "MTGPackOpenerUITests" */ = {
			isa = XCConfigurationList;
			buildConfigurations = (
				FD4D8BB62E77BD5300226492 /* Debug */,
				FD4D8BB72E77BD5300226492 /* Release */,
			);
			defaultConfigurationIsVisible = 0;
			defaultConfigurationName = Release;
		};
/* End XCConfigurationList section */
	};
	rootObject = FD4D8B852E77BD5100226492 /* Project object */;
}
